
Microsoft Visual Studio Solution File, Format Version 12.00
# Visual Studio Version 16
VisualStudioVersion = 16.0.30002.166
MinimumVisualStudioVersion = 10.0.40219.1
Project("{FAE04EC0-301F-11D3-BF4B-00C04F79EFBC}") = "RapfaelSpeech", "RapfaelSpeech.csproj", "{E8BDBD76-B18E-44DA-9B53-9B8F7C5E0CC9}"
EndProject
Global
	GlobalSection(SolutionConfigurationPlatforms) = preSolution
		Debug|Any CPU = Debug|Any CPU
		Release|Any CPU = Release|Any CPU
	EndGlobalSection
	GlobalSection(ProjectConfigurationPlatforms) = postSolution
		{E8BDBD76-B18E-44DA-9B53-9B8F7C5E0CC9}.Debug|Any CPU.ActiveCfg = Debug|Any CPU
		{E8BDBD76-B18E-44DA-9B53-9B8F7C5E0CC9}.Debug|Any CPU.Build.0 = Debug|Any CPU
		{E8BDBD76-B18E-44DA-9B53-9B8F7C5E0CC9}.Release|Any CPU.ActiveCfg = Release|Any CPU
		{E8BDBD76-B18E-44DA-9B53-9B8F7C5E0CC9}.Release|Any CPU.Build.0 = Release|Any CPU
	EndGlobalSection
	GlobalSection(SolutionProperties) = preSolution
		HideSolutionNode = FALSE
	EndGlobalSection
	GlobalSection(ExtensibilityGlobals) = postSolution
		SolutionGuid = {DE66E715-EF15-411C-92AF-50F5392AFBBB}
	EndGlobalSection
EndGlobal
